# This file is automatically @generated by Cargo.
# It is not intended for manual editing.
version = 3

[[package]]
name = "cc"
version = "1.0.79"
source = "registry+https://github.com/rust-lang/crates.io-index"
checksum = "50d30906286121d95be3d479533b458f87493b30a4b5f79a607db8f5d11aa91f"

[[package]]
name = "linen"
version = "0.1.0"
dependencies = [
 "yacurses",
]

[[package]]
name = "yacurses"
version = "0.2.4"
source = "registry+https://github.com/rust-lang/crates.io-index"
checksum = "1d222a4508f80be874a2de9b54d694a7687742c7ea98636543ac272778f789cf"
dependencies = [
 "cc",
]
